
Microsoft Visual Studio Solution File, Format Version 12.00
# Visual Studio Version 17
VisualStudioVersion = 17.14.36202.13
MinimumVisualStudioVersion = 10.0.40219.1
Project("{2150E333-8FDC-42A3-9474-1A3956D46DE8}") = "src", "src", "{02EA681E-C7D8-13C7-8484-4AC65E1B71E8}"
EndProject
Project("{2150E333-8FDC-42A3-9474-1A3956D46DE8}") = "4 - Domain", "4 - Domain", "{4B420FB9-7BF1-4AEE-A38E-500CF9A3FFB0}"
EndProject
Project("{2150E333-8FDC-42A3-9474-1A3956D46DE8}") = "0 - Building Blocks", "0 - Building Blocks", "{CC66CD6B-2C6B-4435-A7DA-D344E83F05BB}"
EndProject
Project("{FAE04EC0-301F-11D3-BF4B-00C04F79EFBC}") = "AquiTourism.Domain", "src\AquiTourism.Domain\AquiTourism.Domain.csproj", "{AEE9186F-705D-492C-BBCA-409FD73550EA}"
	ProjectSection(ProjectDependencies) = postProject
		{B3DB78C4-5151-4F3A-9A30-442C16DD573C} = {B3DB78C4-5151-4F3A-9A30-442C16DD573C}
	EndProjectSection
EndProject
Project("{FAE04EC0-301F-11D3-BF4B-00C04F79EFBC}") = "AquiTourism.Core", "src\AquiTourism.Core\AquiTourism.Core.csproj", "{B3DB78C4-5151-4F3A-9A30-442C16DD573C}"
EndProject
Project("{2150E333-8FDC-42A3-9474-1A3956D46DE8}") = "5 - Infra", "5 - Infra", "{4710CA1C-5DD3-4166-8A86-9A636033D09C}"
EndProject
Project("{FAE04EC0-301F-11D3-BF4B-00C04F79EFBC}") = "AquiTourism.Infra.CrossCutting.IoC", "src\AquiTourism.Infra.CrossCutting.IoC\AquiTourism.Infra.CrossCutting.IoC.csproj", "{105C86FB-172F-4846-89E8-83BBD4256423}"
EndProject
Project("{FAE04EC0-301F-11D3-BF4B-00C04F79EFBC}") = "AquiTourism.Infra.Data", "src\AquiTourism.Infra.Data\AquiTourism.Infra.Data.csproj", "{E26F7969-4F85-46B6-B152-0BC2F3BD978A}"
EndProject
Project("{2150E333-8FDC-42A3-9474-1A3956D46DE8}") = "3 - Application", "3 - Application", "{4226BAEA-097A-4245-AF39-FEC964B17063}"
EndProject
Project("{FAE04EC0-301F-11D3-BF4B-00C04F79EFBC}") = "AquiTourism.Application", "src\AquiTourism.Application\AquiTourism.Application.csproj", "{DA4B2512-4232-4F1D-8F2A-DA936F360ACC}"
EndProject
Project("{FAE04EC0-301F-11D3-BF4B-00C04F79EFBC}") = "AquiTourism.Domain.Shared", "src\AquiTourism.Domain.Shared\AquiTourism.Domain.Shared.csproj", "{E2489B81-3E3B-46CC-B738-8F983EF40247}"
EndProject
Project("{2150E333-8FDC-42A3-9474-1A3956D46DE8}") = "2 - Services", "2 - Services", "{76E35677-7749-4FC1-A8CB-977796D21E36}"
EndProject
Project("{FAE04EC0-301F-11D3-BF4B-00C04F79EFBC}") = "AquiTourism.API", "src\AquiTourism.API\AquiTourism.API.csproj", "{30C1CBB7-0DAA-4831-903E-783C522C84E9}"
EndProject
Global
	GlobalSection(SolutionConfigurationPlatforms) = preSolution
		Debug|Any CPU = Debug|Any CPU
		Release|Any CPU = Release|Any CPU
	EndGlobalSection
	GlobalSection(ProjectConfigurationPlatforms) = postSolution
		{AEE9186F-705D-492C-BBCA-409FD73550EA}.Debug|Any CPU.ActiveCfg = Debug|Any CPU
		{AEE9186F-705D-492C-BBCA-409FD73550EA}.Debug|Any CPU.Build.0 = Debug|Any CPU
		{AEE9186F-705D-492C-BBCA-409FD73550EA}.Release|Any CPU.ActiveCfg = Release|Any CPU
		{AEE9186F-705D-492C-BBCA-409FD73550EA}.Release|Any CPU.Build.0 = Release|Any CPU
		{B3DB78C4-5151-4F3A-9A30-442C16DD573C}.Debug|Any CPU.ActiveCfg = Debug|Any CPU
		{B3DB78C4-5151-4F3A-9A30-442C16DD573C}.Debug|Any CPU.Build.0 = Debug|Any CPU
		{B3DB78C4-5151-4F3A-9A30-442C16DD573C}.Release|Any CPU.ActiveCfg = Release|Any CPU
		{B3DB78C4-5151-4F3A-9A30-442C16DD573C}.Release|Any CPU.Build.0 = Release|Any CPU
		{105C86FB-172F-4846-89E8-83BBD4256423}.Debug|Any CPU.ActiveCfg = Debug|Any CPU
		{105C86FB-172F-4846-89E8-83BBD4256423}.Debug|Any CPU.Build.0 = Debug|Any CPU
		{105C86FB-172F-4846-89E8-83BBD4256423}.Release|Any CPU.ActiveCfg = Release|Any CPU
		{105C86FB-172F-4846-89E8-83BBD4256423}.Release|Any CPU.Build.0 = Release|Any CPU
		{E26F7969-4F85-46B6-B152-0BC2F3BD978A}.Debug|Any CPU.ActiveCfg = Debug|Any CPU
		{E26F7969-4F85-46B6-B152-0BC2F3BD978A}.Debug|Any CPU.Build.0 = Debug|Any CPU
		{E26F7969-4F85-46B6-B152-0BC2F3BD978A}.Release|Any CPU.ActiveCfg = Release|Any CPU
		{E26F7969-4F85-46B6-B152-0BC2F3BD978A}.Release|Any CPU.Build.0 = Release|Any CPU
		{DA4B2512-4232-4F1D-8F2A-DA936F360ACC}.Debug|Any CPU.ActiveCfg = Debug|Any CPU
		{DA4B2512-4232-4F1D-8F2A-DA936F360ACC}.Debug|Any CPU.Build.0 = Debug|Any CPU
		{DA4B2512-4232-4F1D-8F2A-DA936F360ACC}.Release|Any CPU.ActiveCfg = Release|Any CPU
		{DA4B2512-4232-4F1D-8F2A-DA936F360ACC}.Release|Any CPU.Build.0 = Release|Any CPU
		{E2489B81-3E3B-46CC-B738-8F983EF40247}.Debug|Any CPU.ActiveCfg = Debug|Any CPU
		{E2489B81-3E3B-46CC-B738-8F983EF40247}.Debug|Any CPU.Build.0 = Debug|Any CPU
		{E2489B81-3E3B-46CC-B738-8F983EF40247}.Release|Any CPU.ActiveCfg = Release|Any CPU
		{E2489B81-3E3B-46CC-B738-8F983EF40247}.Release|Any CPU.Build.0 = Release|Any CPU
		{30C1CBB7-0DAA-4831-903E-783C522C84E9}.Debug|Any CPU.ActiveCfg = Debug|Any CPU
		{30C1CBB7-0DAA-4831-903E-783C522C84E9}.Debug|Any CPU.Build.0 = Debug|Any CPU
		{30C1CBB7-0DAA-4831-903E-783C522C84E9}.Release|Any CPU.ActiveCfg = Release|Any CPU
		{30C1CBB7-0DAA-4831-903E-783C522C84E9}.Release|Any CPU.Build.0 = Release|Any CPU
	EndGlobalSection
	GlobalSection(SolutionProperties) = preSolution
		HideSolutionNode = FALSE
	EndGlobalSection
	GlobalSection(NestedProjects) = preSolution
		{4B420FB9-7BF1-4AEE-A38E-500CF9A3FFB0} = {02EA681E-C7D8-13C7-8484-4AC65E1B71E8}
		{CC66CD6B-2C6B-4435-A7DA-D344E83F05BB} = {02EA681E-C7D8-13C7-8484-4AC65E1B71E8}
		{AEE9186F-705D-492C-BBCA-409FD73550EA} = {4B420FB9-7BF1-4AEE-A38E-500CF9A3FFB0}
		{B3DB78C4-5151-4F3A-9A30-442C16DD573C} = {CC66CD6B-2C6B-4435-A7DA-D344E83F05BB}
		{4710CA1C-5DD3-4166-8A86-9A636033D09C} = {02EA681E-C7D8-13C7-8484-4AC65E1B71E8}
		{105C86FB-172F-4846-89E8-83BBD4256423} = {4710CA1C-5DD3-4166-8A86-9A636033D09C}
		{E26F7969-4F85-46B6-B152-0BC2F3BD978A} = {4710CA1C-5DD3-4166-8A86-9A636033D09C}
		{4226BAEA-097A-4245-AF39-FEC964B17063} = {02EA681E-C7D8-13C7-8484-4AC65E1B71E8}
		{DA4B2512-4232-4F1D-8F2A-DA936F360ACC} = {4226BAEA-097A-4245-AF39-FEC964B17063}
		{E2489B81-3E3B-46CC-B738-8F983EF40247} = {4B420FB9-7BF1-4AEE-A38E-500CF9A3FFB0}
		{76E35677-7749-4FC1-A8CB-977796D21E36} = {02EA681E-C7D8-13C7-8484-4AC65E1B71E8}
		{30C1CBB7-0DAA-4831-903E-783C522C84E9} = {76E35677-7749-4FC1-A8CB-977796D21E36}
	EndGlobalSection
	GlobalSection(ExtensibilityGlobals) = postSolution
		SolutionGuid = {F800CA99-E796-49B5-9F0F-459D15BD8FB3}
	EndGlobalSection
EndGlobal
